
Microsoft Visual Studio Solution File, Format Version 12.00
# Visual Studio Version 17
VisualStudioVersion = 17.0.31903.59
MinimumVisualStudioVersion = 10.0.40219.1
Project("{9A19103F-16F7-4668-BE54-9A1E7A4F7556}") = "CountryService.gRPC", "CountryService.gRPC\CountryService.gRPC.csproj", "{43B32B4B-A4AF-4A5A-B1E2-41EFBAB53DE5}"
EndProject
Project("{9A19103F-16F7-4668-BE54-9A1E7A4F7556}") = "CountryService.Domain", "CountryService.Domain\CountryService.Domain.csproj", "{A3828299-D0D8-4DDE-B9C2-F08FA0EF0495}"
EndProject
Project("{9A19103F-16F7-4668-BE54-9A1E7A4F7556}") = "CountryService.DAL", "CountryService.DAL\CountryService.DAL.csproj", "{D45D2D08-479F-4314-B576-A1620C07D2E8}"
EndProject
Project("{9A19103F-16F7-4668-BE54-9A1E7A4F7556}") = "CountryService.BLL", "CountryService.BLL\CountryService.BLL.csproj", "{47611F5F-51FB-498D-949E-E40A60BF0C28}"
EndProject
Project("{2150E333-8FDC-42A3-9474-1A3956D46DE8}") = "gRPC", "gRPC", "{AE21085A-A529-4D75-908C-44762BB7A46C}"
EndProject
Project("{2150E333-8FDC-42A3-9474-1A3956D46DE8}") = "Web", "Web", "{B795D93B-F25B-4200-9C86-EE804DA53766}"
EndProject
Project("{FAE04EC0-301F-11D3-BF4B-00C04F79EFBC}") = "CountryWiki.Web", "CountryWiki.Web\CountryWiki.Web.csproj", "{261FDEFB-A8A6-477D-A77C-D5D8F1DD046F}"
EndProject
Project("{FAE04EC0-301F-11D3-BF4B-00C04F79EFBC}") = "CountryWiki.Domain", "CountryWiki.Domain\CountryWiki.Domain.csproj", "{792573D9-F53C-4A05-BA68-7926408FA480}"
EndProject
Project("{FAE04EC0-301F-11D3-BF4B-00C04F79EFBC}") = "CountryWiki.DAL", "CountryWiki.DAL\CountryWiki.DAL.csproj", "{04DA9F9B-34A2-4626-8302-958A77D755BA}"
EndProject
Project("{FAE04EC0-301F-11D3-BF4B-00C04F79EFBC}") = "CountryWiki.BLL", "CountryWiki.BLL\CountryWiki.BLL.csproj", "{0B0D93C5-7A60-4EF8-B7BB-BF4E1655CF08}"
EndProject
Global
	GlobalSection(SolutionConfigurationPlatforms) = preSolution
		Debug|Any CPU = Debug|Any CPU
		Release|Any CPU = Release|Any CPU
	EndGlobalSection
	GlobalSection(ProjectConfigurationPlatforms) = postSolution
		{43B32B4B-A4AF-4A5A-B1E2-41EFBAB53DE5}.Debug|Any CPU.ActiveCfg = Debug|Any CPU
		{43B32B4B-A4AF-4A5A-B1E2-41EFBAB53DE5}.Debug|Any CPU.Build.0 = Debug|Any CPU
		{43B32B4B-A4AF-4A5A-B1E2-41EFBAB53DE5}.Release|Any CPU.ActiveCfg = Release|Any CPU
		{43B32B4B-A4AF-4A5A-B1E2-41EFBAB53DE5}.Release|Any CPU.Build.0 = Release|Any CPU
		{A3828299-D0D8-4DDE-B9C2-F08FA0EF0495}.Debug|Any CPU.ActiveCfg = Debug|Any CPU
		{A3828299-D0D8-4DDE-B9C2-F08FA0EF0495}.Debug|Any CPU.Build.0 = Debug|Any CPU
		{A3828299-D0D8-4DDE-B9C2-F08FA0EF0495}.Release|Any CPU.ActiveCfg = Release|Any CPU
		{A3828299-D0D8-4DDE-B9C2-F08FA0EF0495}.Release|Any CPU.Build.0 = Release|Any CPU
		{D45D2D08-479F-4314-B576-A1620C07D2E8}.Debug|Any CPU.ActiveCfg = Debug|Any CPU
		{D45D2D08-479F-4314-B576-A1620C07D2E8}.Debug|Any CPU.Build.0 = Debug|Any CPU
		{D45D2D08-479F-4314-B576-A1620C07D2E8}.Release|Any CPU.ActiveCfg = Release|Any CPU
		{D45D2D08-479F-4314-B576-A1620C07D2E8}.Release|Any CPU.Build.0 = Release|Any CPU
		{47611F5F-51FB-498D-949E-E40A60BF0C28}.Debug|Any CPU.ActiveCfg = Debug|Any CPU
		{47611F5F-51FB-498D-949E-E40A60BF0C28}.Debug|Any CPU.Build.0 = Debug|Any CPU
		{47611F5F-51FB-498D-949E-E40A60BF0C28}.Release|Any CPU.ActiveCfg = Release|Any CPU
		{47611F5F-51FB-498D-949E-E40A60BF0C28}.Release|Any CPU.Build.0 = Release|Any CPU
		{261FDEFB-A8A6-477D-A77C-D5D8F1DD046F}.Debug|Any CPU.ActiveCfg = Debug|Any CPU
		{261FDEFB-A8A6-477D-A77C-D5D8F1DD046F}.Debug|Any CPU.Build.0 = Debug|Any CPU
		{261FDEFB-A8A6-477D-A77C-D5D8F1DD046F}.Release|Any CPU.ActiveCfg = Release|Any CPU
		{261FDEFB-A8A6-477D-A77C-D5D8F1DD046F}.Release|Any CPU.Build.0 = Release|Any CPU
		{792573D9-F53C-4A05-BA68-7926408FA480}.Debug|Any CPU.ActiveCfg = Debug|Any CPU
		{792573D9-F53C-4A05-BA68-7926408FA480}.Debug|Any CPU.Build.0 = Debug|Any CPU
		{792573D9-F53C-4A05-BA68-7926408FA480}.Release|Any CPU.ActiveCfg = Release|Any CPU
		{792573D9-F53C-4A05-BA68-7926408FA480}.Release|Any CPU.Build.0 = Release|Any CPU
		{04DA9F9B-34A2-4626-8302-958A77D755BA}.Debug|Any CPU.ActiveCfg = Debug|Any CPU
		{04DA9F9B-34A2-4626-8302-958A77D755BA}.Debug|Any CPU.Build.0 = Debug|Any CPU
		{04DA9F9B-34A2-4626-8302-958A77D755BA}.Release|Any CPU.ActiveCfg = Release|Any CPU
		{04DA9F9B-34A2-4626-8302-958A77D755BA}.Release|Any CPU.Build.0 = Release|Any CPU
		{0B0D93C5-7A60-4EF8-B7BB-BF4E1655CF08}.Debug|Any CPU.ActiveCfg = Debug|Any CPU
		{0B0D93C5-7A60-4EF8-B7BB-BF4E1655CF08}.Debug|Any CPU.Build.0 = Debug|Any CPU
		{0B0D93C5-7A60-4EF8-B7BB-BF4E1655CF08}.Release|Any CPU.ActiveCfg = Release|Any CPU
		{0B0D93C5-7A60-4EF8-B7BB-BF4E1655CF08}.Release|Any CPU.Build.0 = Release|Any CPU
	EndGlobalSection
	GlobalSection(SolutionProperties) = preSolution
		HideSolutionNode = FALSE
	EndGlobalSection
	GlobalSection(NestedProjects) = preSolution
		{43B32B4B-A4AF-4A5A-B1E2-41EFBAB53DE5} = {AE21085A-A529-4D75-908C-44762BB7A46C}
		{A3828299-D0D8-4DDE-B9C2-F08FA0EF0495} = {AE21085A-A529-4D75-908C-44762BB7A46C}
		{D45D2D08-479F-4314-B576-A1620C07D2E8} = {AE21085A-A529-4D75-908C-44762BB7A46C}
		{47611F5F-51FB-498D-949E-E40A60BF0C28} = {AE21085A-A529-4D75-908C-44762BB7A46C}
		{261FDEFB-A8A6-477D-A77C-D5D8F1DD046F} = {B795D93B-F25B-4200-9C86-EE804DA53766}
		{792573D9-F53C-4A05-BA68-7926408FA480} = {B795D93B-F25B-4200-9C86-EE804DA53766}
		{04DA9F9B-34A2-4626-8302-958A77D755BA} = {B795D93B-F25B-4200-9C86-EE804DA53766}
		{0B0D93C5-7A60-4EF8-B7BB-BF4E1655CF08} = {B795D93B-F25B-4200-9C86-EE804DA53766}
	EndGlobalSection
	GlobalSection(ExtensibilityGlobals) = postSolution
		SolutionGuid = {F4C34240-CB7E-46C7-920A-5D1683BD17D6}
	EndGlobalSection
EndGlobal
